
Microsoft Visual Studio Solution File, Format Version 12.00
# Visual Studio Version 17
VisualStudioVersion = 17.0.31903.59
MinimumVisualStudioVersion = 10.0.40219.1
Project("{FAE04EC0-301F-11D3-BF4B-00C04F79EFBC}") = "ParafiaAPI", "ParafiaAPI.csproj", "{D3811880-3378-4131-B955-D8FC8121BBE1}"
EndProject
Global
	GlobalSection(SolutionConfigurationPlatforms) = preSolution
		Debug|Any CPU = Debug|Any CPU
		Release|Any CPU = Release|Any CPU
	EndGlobalSection
	GlobalSection(ProjectConfigurationPlatforms) = postSolution
		{D3811880-3378-4131-B955-D8FC8121BBE1}.Debug|Any CPU.ActiveCfg = Debug|Any CPU
		{D3811880-3378-4131-B955-D8FC8121BBE1}.Debug|Any CPU.Build.0 = Debug|Any CPU
		{D3811880-3378-4131-B955-D8FC8121BBE1}.Release|Any CPU.ActiveCfg = Release|Any CPU
		{D3811880-3378-4131-B955-D8FC8121BBE1}.Release|Any CPU.Build.0 = Release|Any CPU
	EndGlobalSection
	GlobalSection(SolutionProperties) = preSolution
		HideSolutionNode = FALSE
	EndGlobalSection
	GlobalSection(ExtensibilityGlobals) = postSolution
		SolutionGuid = {8E18E957-3EA8-436C-8F66-3359F0A915BA}
	EndGlobalSection
EndGlobal
